{
  "version": 4,
  "terraform_version": "1.0.9",
  "serial": 305,
  "lineage": "b0d6bcf1-0708-441b-aacd-69134cd02be4",
  "outputs": {
    "masters_ips": {
      "value": [
        [
          "10.10.100.51"
        ]
      ],
      "type": [
        "tuple",
        [
          [
            "tuple",
            [
              "string"
            ]
          ]
        ]
      ]
    },
    "workers_ips": {
      "value": [
        [
          "10.10.100.56",
          "10.10.100.57",
          "10.10.100.58"
        ]
      ],
      "type": [
        "tuple",
        [
          [
            "tuple",
            [
              "string",
              "string",
              "string"
            ]
          ]
        ]
      ]
    }
  },
  "resources": [
    {
      "mode": "data",
      "type": "vault_generic_secret",
      "name": "proxmox",
      "provider": "provider[\"registry.terraform.io/hashicorp/vault\"]",
      "instances": [
        {
          "schema_version": 0,
          "attributes": {
            "data": {
              "pm_api_token_id": "terraform@pam!token_id",
              "pm_api_token_secret": "07db6919-c664-4d45-9d8c-4b59140e0b3d",
              "proxmox_host": "pve",
              "proxmox_url": "https://10.10.100.2:8006/api2/json",
              "ssh_key": "ssh-rsa AAAAB3NzaC1yc2EAAAADAQABAAABAQCoIWLQIU8c2s8cGJzyYaCnQE8pir9OB8k/qK59kqdj6/c0HGJtvcuLajAy4Recwa5eDvx2bMAU66supZx1uNsXXAv55vhCzEAz/h810NRCxUshsr05DJblo8GlpCMk/+Z0ASVi/mJ6xeXngx7OpsBEh/bmvc1TUvmFI4LD4Bk3ErU87eEbCdbMV+St2ibzd1bX+lguXuEkSYa6qT7x7Peh+pk16vrFtY5oMql1O0Dvw/Y2hmCtsGDaAbOln5VOKOQ7n1rsWFlTU2nL0UGTp2moTw8+SOVljf9M9H7QEsmW2qZSt2wxI0LaP9TCZqfWEFO4CoraXGUk++ZHRawaR6xR leonardo",
              "ssh_user": "leonardo"
            },
            "data_json": "{\"pm_api_token_id\":\"terraform@pam!token_id\",\"pm_api_token_secret\":\"07db6919-c664-4d45-9d8c-4b59140e0b3d\",\"proxmox_host\":\"pve\",\"proxmox_url\":\"https://10.10.100.2:8006/api2/json\",\"ssh_key\":\"ssh-rsa AAAAB3NzaC1yc2EAAAADAQABAAABAQCoIWLQIU8c2s8cGJzyYaCnQE8pir9OB8k/qK59kqdj6/c0HGJtvcuLajAy4Recwa5eDvx2bMAU66supZx1uNsXXAv55vhCzEAz/h810NRCxUshsr05DJblo8GlpCMk/+Z0ASVi/mJ6xeXngx7OpsBEh/bmvc1TUvmFI4LD4Bk3ErU87eEbCdbMV+St2ibzd1bX+lguXuEkSYa6qT7x7Peh+pk16vrFtY5oMql1O0Dvw/Y2hmCtsGDaAbOln5VOKOQ7n1rsWFlTU2nL0UGTp2moTw8+SOVljf9M9H7QEsmW2qZSt2wxI0LaP9TCZqfWEFO4CoraXGUk++ZHRawaR6xR leonardo\",\"ssh_user\":\"leonardo\"}",
            "id": "kv-terraform/lab-kubernetes",
            "lease_duration": 0,
            "lease_id": "",
            "lease_renewable": false,
            "lease_start_time": "2022-12-29T18:37:33Z",
            "namespace": null,
            "path": "kv-terraform/lab-kubernetes",
            "version": -1,
            "with_lease_start_time": true
          },
          "sensitive_attributes": []
        }
      ]
    },
    {
      "mode": "managed",
      "type": "local_file",
      "name": "hosts",
      "provider": "provider[\"registry.terraform.io/hashicorp/local\"]",
      "instances": [
        {
          "schema_version": 0,
          "attributes": {
            "content": "[masters]\n10.10.100.51\n[workers]\n10.10.100.56\n10.10.100.57\n10.10.100.58\n",
            "content_base64": null,
            "directory_permission": "0777",
            "file_permission": "0777",
            "filename": "./ansible/hosts.ini",
            "id": "b43ccbbde4003676356fddb1fa41061aed87bea0",
            "sensitive_content": null,
            "source": null
          },
          "sensitive_attributes": [],
          "private": "bnVsbA==",
          "dependencies": [
            "data.vault_generic_secret.proxmox",
            "proxmox_vm_qemu.k8s-master",
            "proxmox_vm_qemu.k8s-worker"
          ]
        }
      ]
    },
    {
      "mode": "managed",
      "type": "null_resource",
      "name": "config",
      "provider": "provider[\"registry.terraform.io/hashicorp/null\"]",
      "instances": [
        {
          "schema_version": 0,
          "attributes": {
            "id": "8013318112427884879",
            "triggers": null
          },
          "sensitive_attributes": [],
          "dependencies": [
            "data.vault_generic_secret.proxmox",
            "local_file.hosts",
            "proxmox_vm_qemu.k8s-master",
            "proxmox_vm_qemu.k8s-worker"
          ]
        }
      ]
    },
    {
      "mode": "managed",
      "type": "proxmox_vm_qemu",
      "name": "k8s-master",
      "provider": "provider[\"registry.terraform.io/telmate/proxmox\"]",
      "instances": [
        {
          "index_key": 0,
          "schema_version": 0,
          "attributes": {
            "additional_wait": 15,
            "agent": 1,
            "args": "",
            "balloon": 0,
            "bios": "seabios",
            "boot": "cdn",
            "bootdisk": "scsi0",
            "bridge": "",
            "ci_wait": null,
            "cicustom": "",
            "cipassword": "",
            "ciuser": "",
            "clone": "ubuntu-server-focal-kubernetes",
            "clone_wait": 360,
            "cloudinit_cdrom_storage": null,
            "cores": 4,
            "cpu": "host",
            "default_ipv4_address": "10.10.100.51",
            "define_connection_info": true,
            "desc": "Ubuntu Server Focal Image with Kubernetes pre-installed",
            "disk": [
              {
                "backup": 0,
                "cache": "none",
                "discard": "",
                "file": "104/vm-104-disk-0.qcow2",
                "format": "qcow2",
                "iothread": 0,
                "mbps": 0,
                "mbps_rd": 0,
                "mbps_rd_max": 0,
                "mbps_wr": 0,
                "mbps_wr_max": 0,
                "media": "",
                "replicate": 0,
                "size": "7G",
                "slot": 0,
                "ssd": 0,
                "storage": "datastore",
                "storage_type": "dir",
                "type": "virtio",
                "volume": "datastore:104/vm-104-disk-0.qcow2"
              }
            ],
            "disk_gb": 0,
            "force_create": false,
            "force_recreate_on_change_of": null,
            "full_clone": true,
            "guest_agent_ready_timeout": 600,
            "hastate": "",
            "hotplug": "network,disk,usb",
            "id": "pve/qemu/104",
            "ipconfig0": "ip=10.10.100.51/24,gw=10.10.100.1",
            "ipconfig1": "",
            "ipconfig2": "",
            "ipconfig3": "",
            "ipconfig4": "",
            "ipconfig5": "",
            "iso": null,
            "kvm": true,
            "mac": "",
            "memory": 2048,
            "name": "vm-k8s-master-1",
            "nameserver": "",
            "network": [
              {
                "bridge": "vmbr0",
                "firewall": false,
                "link_down": false,
                "macaddr": "06:D9:F9:D6:1D:0D",
                "model": "virtio",
                "queues": 0,
                "rate": 0,
                "tag": -1
              }
            ],
            "nic": "",
            "numa": false,
            "onboot": true,
            "os_network_config": null,
            "os_type": "Linux",
            "pool": "",
            "preprovision": true,
            "qemu_os": "other",
            "reboot_required": false,
            "scsihw": "virtio-scsi-pci",
            "searchdomain": "",
            "serial": [],
            "sockets": 1,
            "ssh_forward_ip": null,
            "ssh_host": "10.10.100.51",
            "ssh_port": "22",
            "ssh_private_key": null,
            "ssh_user": null,
            "sshkeys": "  ssh-rsa AAAAB3NzaC1yc2EAAAADAQABAAABAQCoIWLQIU8c2s8cGJzyYaCnQE8pir9OB8k/qK59kqdj6/c0HGJtvcuLajAy4Recwa5eDvx2bMAU66supZx1uNsXXAv55vhCzEAz/h810NRCxUshsr05DJblo8GlpCMk/+Z0ASVi/mJ6xeXngx7OpsBEh/bmvc1TUvmFI4LD4Bk3ErU87eEbCdbMV+St2ibzd1bX+lguXuEkSYa6qT7x7Peh+pk16vrFtY5oMql1O0Dvw/Y2hmCtsGDaAbOln5VOKOQ7n1rsWFlTU2nL0UGTp2moTw8+SOVljf9M9H7QEsmW2qZSt2wxI0LaP9TCZqfWEFO4CoraXGUk++ZHRawaR6xR leonardo\n\n",
            "storage": "",
            "storage_type": "",
            "tags": "",
            "target_node": "pve",
            "unused_disk": [],
            "vcpus": 0,
            "vga": [],
            "vlan": -1,
            "vmid": null
          },
          "sensitive_attributes": [
            [
              {
                "type": "get_attr",
                "value": "sshkeys"
              }
            ],
            [
              {
                "type": "get_attr",
                "value": "target_node"
              }
            ]
          ],
          "private": "bnVsbA==",
          "dependencies": [
            "data.vault_generic_secret.proxmox"
          ]
        }
      ]
    },
    {
      "mode": "managed",
      "type": "proxmox_vm_qemu",
      "name": "k8s-worker",
      "provider": "provider[\"registry.terraform.io/telmate/proxmox\"]",
      "instances": [
        {
          "index_key": 0,
          "schema_version": 0,
          "attributes": {
            "additional_wait": 15,
            "agent": 1,
            "args": "",
            "balloon": 0,
            "bios": "seabios",
            "boot": "cdn",
            "bootdisk": "scsi0",
            "bridge": "",
            "ci_wait": null,
            "cicustom": "",
            "cipassword": "",
            "ciuser": "",
            "clone": "ubuntu-server-focal-kubernetes",
            "clone_wait": 360,
            "cloudinit_cdrom_storage": null,
            "cores": 4,
            "cpu": "host",
            "default_ipv4_address": "10.10.100.56",
            "define_connection_info": true,
            "desc": "Ubuntu Server Focal Image with Kubernetes pre-installed",
            "disk": [
              {
                "backup": 0,
                "cache": "none",
                "discard": "",
                "file": "107/vm-107-disk-0.qcow2",
                "format": "qcow2",
                "iothread": 0,
                "mbps": 0,
                "mbps_rd": 0,
                "mbps_rd_max": 0,
                "mbps_wr": 0,
                "mbps_wr_max": 0,
                "media": "",
                "replicate": 0,
                "size": "7G",
                "slot": 0,
                "ssd": 0,
                "storage": "datastore",
                "storage_type": "dir",
                "type": "virtio",
                "volume": "datastore:107/vm-107-disk-0.qcow2"
              }
            ],
            "disk_gb": 0,
            "force_create": false,
            "force_recreate_on_change_of": null,
            "full_clone": true,
            "guest_agent_ready_timeout": 600,
            "hastate": "",
            "hotplug": "network,disk,usb",
            "id": "pve/qemu/107",
            "ipconfig0": "ip=10.10.100.56/24,gw=10.10.100.1",
            "ipconfig1": "",
            "ipconfig2": "",
            "ipconfig3": "",
            "ipconfig4": "",
            "ipconfig5": "",
            "iso": null,
            "kvm": true,
            "mac": "",
            "memory": 2048,
            "name": "vm-k8s-worker-1",
            "nameserver": "",
            "network": [
              {
                "bridge": "vmbr0",
                "firewall": false,
                "link_down": false,
                "macaddr": "F2:55:E6:D8:34:45",
                "model": "virtio",
                "queues": 0,
                "rate": 0,
                "tag": -1
              }
            ],
            "nic": "",
            "numa": false,
            "onboot": true,
            "os_network_config": null,
            "os_type": "Linux",
            "pool": "",
            "preprovision": true,
            "qemu_os": "other",
            "reboot_required": false,
            "scsihw": "virtio-scsi-pci",
            "searchdomain": "",
            "serial": [],
            "sockets": 1,
            "ssh_forward_ip": null,
            "ssh_host": "10.10.100.56",
            "ssh_port": "22",
            "ssh_private_key": null,
            "ssh_user": null,
            "sshkeys": "  ssh-rsa AAAAB3NzaC1yc2EAAAADAQABAAABAQCoIWLQIU8c2s8cGJzyYaCnQE8pir9OB8k/qK59kqdj6/c0HGJtvcuLajAy4Recwa5eDvx2bMAU66supZx1uNsXXAv55vhCzEAz/h810NRCxUshsr05DJblo8GlpCMk/+Z0ASVi/mJ6xeXngx7OpsBEh/bmvc1TUvmFI4LD4Bk3ErU87eEbCdbMV+St2ibzd1bX+lguXuEkSYa6qT7x7Peh+pk16vrFtY5oMql1O0Dvw/Y2hmCtsGDaAbOln5VOKOQ7n1rsWFlTU2nL0UGTp2moTw8+SOVljf9M9H7QEsmW2qZSt2wxI0LaP9TCZqfWEFO4CoraXGUk++ZHRawaR6xR leonardo\n\n",
            "storage": "",
            "storage_type": "",
            "tags": "",
            "target_node": "pve",
            "unused_disk": [],
            "vcpus": 0,
            "vga": [],
            "vlan": -1,
            "vmid": null
          },
          "sensitive_attributes": [
            [
              {
                "type": "get_attr",
                "value": "target_node"
              }
            ],
            [
              {
                "type": "get_attr",
                "value": "sshkeys"
              }
            ]
          ],
          "private": "bnVsbA==",
          "dependencies": [
            "data.vault_generic_secret.proxmox"
          ]
        },
        {
          "index_key": 1,
          "schema_version": 0,
          "attributes": {
            "additional_wait": 15,
            "agent": 1,
            "args": "",
            "balloon": 0,
            "bios": "seabios",
            "boot": "cdn",
            "bootdisk": "scsi0",
            "bridge": "",
            "ci_wait": null,
            "cicustom": "",
            "cipassword": "",
            "ciuser": "",
            "clone": "ubuntu-server-focal-kubernetes",
            "clone_wait": 360,
            "cloudinit_cdrom_storage": null,
            "cores": 4,
            "cpu": "host",
            "default_ipv4_address": "10.10.100.57",
            "define_connection_info": true,
            "desc": "Ubuntu Server Focal Image with Kubernetes pre-installed",
            "disk": [
              {
                "backup": 0,
                "cache": "none",
                "discard": "",
                "file": "108/vm-108-disk-0.qcow2",
                "format": "qcow2",
                "iothread": 0,
                "mbps": 0,
                "mbps_rd": 0,
                "mbps_rd_max": 0,
                "mbps_wr": 0,
                "mbps_wr_max": 0,
                "media": "",
                "replicate": 0,
                "size": "7G",
                "slot": 0,
                "ssd": 0,
                "storage": "datastore",
                "storage_type": "dir",
                "type": "virtio",
                "volume": "datastore:108/vm-108-disk-0.qcow2"
              }
            ],
            "disk_gb": 0,
            "force_create": false,
            "force_recreate_on_change_of": null,
            "full_clone": true,
            "guest_agent_ready_timeout": 600,
            "hastate": "",
            "hotplug": "network,disk,usb",
            "id": "pve/qemu/108",
            "ipconfig0": "ip=10.10.100.57/24,gw=10.10.100.1",
            "ipconfig1": "",
            "ipconfig2": "",
            "ipconfig3": "",
            "ipconfig4": "",
            "ipconfig5": "",
            "iso": null,
            "kvm": true,
            "mac": "",
            "memory": 2048,
            "name": "vm-k8s-worker-2",
            "nameserver": "",
            "network": [
              {
                "bridge": "vmbr0",
                "firewall": false,
                "link_down": false,
                "macaddr": "C6:48:13:B0:DE:7C",
                "model": "virtio",
                "queues": 0,
                "rate": 0,
                "tag": -1
              }
            ],
            "nic": "",
            "numa": false,
            "onboot": true,
            "os_network_config": null,
            "os_type": "Linux",
            "pool": "",
            "preprovision": true,
            "qemu_os": "other",
            "reboot_required": false,
            "scsihw": "virtio-scsi-pci",
            "searchdomain": "",
            "serial": [],
            "sockets": 1,
            "ssh_forward_ip": null,
            "ssh_host": "10.10.100.57",
            "ssh_port": "22",
            "ssh_private_key": null,
            "ssh_user": null,
            "sshkeys": "  ssh-rsa AAAAB3NzaC1yc2EAAAADAQABAAABAQCoIWLQIU8c2s8cGJzyYaCnQE8pir9OB8k/qK59kqdj6/c0HGJtvcuLajAy4Recwa5eDvx2bMAU66supZx1uNsXXAv55vhCzEAz/h810NRCxUshsr05DJblo8GlpCMk/+Z0ASVi/mJ6xeXngx7OpsBEh/bmvc1TUvmFI4LD4Bk3ErU87eEbCdbMV+St2ibzd1bX+lguXuEkSYa6qT7x7Peh+pk16vrFtY5oMql1O0Dvw/Y2hmCtsGDaAbOln5VOKOQ7n1rsWFlTU2nL0UGTp2moTw8+SOVljf9M9H7QEsmW2qZSt2wxI0LaP9TCZqfWEFO4CoraXGUk++ZHRawaR6xR leonardo\n\n",
            "storage": "",
            "storage_type": "",
            "tags": "",
            "target_node": "pve",
            "unused_disk": [],
            "vcpus": 0,
            "vga": [],
            "vlan": -1,
            "vmid": null
          },
          "sensitive_attributes": [
            [
              {
                "type": "get_attr",
                "value": "target_node"
              }
            ],
            [
              {
                "type": "get_attr",
                "value": "sshkeys"
              }
            ]
          ],
          "private": "bnVsbA==",
          "dependencies": [
            "data.vault_generic_secret.proxmox"
          ]
        },
        {
          "index_key": 2,
          "schema_version": 0,
          "attributes": {
            "additional_wait": 15,
            "agent": 1,
            "args": "",
            "balloon": 0,
            "bios": "seabios",
            "boot": "cdn",
            "bootdisk": "scsi0",
            "bridge": "",
            "ci_wait": null,
            "cicustom": "",
            "cipassword": "",
            "ciuser": "",
            "clone": "ubuntu-server-focal-kubernetes",
            "clone_wait": 360,
            "cloudinit_cdrom_storage": null,
            "cores": 4,
            "cpu": "host",
            "default_ipv4_address": "10.10.100.58",
            "define_connection_info": true,
            "desc": "Ubuntu Server Focal Image with Kubernetes pre-installed",
            "disk": [
              {
                "backup": 0,
                "cache": "none",
                "discard": "",
                "file": "106/vm-106-disk-0.qcow2",
                "format": "qcow2",
                "iothread": 1,
                "mbps": 0,
                "mbps_rd": 0,
                "mbps_rd_max": 0,
                "mbps_wr": 0,
                "mbps_wr_max": 0,
                "media": "",
                "replicate": 0,
                "size": "10G",
                "slot": 0,
                "ssd": 0,
                "storage": "datastore",
                "storage_type": "dir",
                "type": "scsi",
                "volume": "datastore:106/vm-106-disk-0.qcow2"
              }
            ],
            "disk_gb": 0,
            "force_create": false,
            "force_recreate_on_change_of": null,
            "full_clone": true,
            "guest_agent_ready_timeout": 600,
            "hastate": "",
            "hotplug": "network,disk,usb",
            "id": "pve/qemu/106",
            "ipconfig0": "ip=10.10.100.58/24,gw=10.10.100.1",
            "ipconfig1": "",
            "ipconfig2": "",
            "ipconfig3": "",
            "ipconfig4": "",
            "ipconfig5": "",
            "iso": null,
            "kvm": true,
            "mac": "",
            "memory": 2048,
            "name": "vm-k8s-worker-3",
            "nameserver": "",
            "network": [
              {
                "bridge": "vmbr0",
                "firewall": false,
                "link_down": false,
                "macaddr": "C6:82:EB:16:5E:69",
                "model": "virtio",
                "queues": 0,
                "rate": 0,
                "tag": -1
              }
            ],
            "nic": "",
            "numa": false,
            "onboot": true,
            "os_network_config": null,
            "os_type": "Linux",
            "pool": "",
            "preprovision": true,
            "qemu_os": "other",
            "reboot_required": false,
            "scsihw": "virtio-scsi-pci",
            "searchdomain": "",
            "serial": [],
            "sockets": 1,
            "ssh_forward_ip": null,
            "ssh_host": "10.10.100.58",
            "ssh_port": "22",
            "ssh_private_key": null,
            "ssh_user": null,
            "sshkeys": "  ssh-rsa AAAAB3NzaC1yc2EAAAADAQABAAABAQCoIWLQIU8c2s8cGJzyYaCnQE8pir9OB8k/qK59kqdj6/c0HGJtvcuLajAy4Recwa5eDvx2bMAU66supZx1uNsXXAv55vhCzEAz/h810NRCxUshsr05DJblo8GlpCMk/+Z0ASVi/mJ6xeXngx7OpsBEh/bmvc1TUvmFI4LD4Bk3ErU87eEbCdbMV+St2ibzd1bX+lguXuEkSYa6qT7x7Peh+pk16vrFtY5oMql1O0Dvw/Y2hmCtsGDaAbOln5VOKOQ7n1rsWFlTU2nL0UGTp2moTw8+SOVljf9M9H7QEsmW2qZSt2wxI0LaP9TCZqfWEFO4CoraXGUk++ZHRawaR6xR leonardo\n\n",
            "storage": "",
            "storage_type": "",
            "tags": "",
            "target_node": "pve",
            "unused_disk": [],
            "vcpus": 0,
            "vga": [],
            "vlan": -1,
            "vmid": null
          },
          "sensitive_attributes": [
            [
              {
                "type": "get_attr",
                "value": "sshkeys"
              }
            ],
            [
              {
                "type": "get_attr",
                "value": "target_node"
              }
            ]
          ],
          "private": "bnVsbA==",
          "dependencies": [
            "data.vault_generic_secret.proxmox"
          ]
        }
      ]
    }
  ]
}
