{
  "version": 4,
  "terraform_version": "1.0.9",
  "serial": 45,
  "lineage": "b0d6bcf1-0708-441b-aacd-69134cd02be4",
  "outputs": {},
  "resources": [
    {
      "mode": "managed",
      "type": "proxmox_vm_qemu",
      "name": "vm",
      "provider": "provider[\"registry.terraform.io/telmate/proxmox\"]",
      "instances": [
        {
          "index_key": 0,
          "schema_version": 0,
          "attributes": {
            "additional_wait": 15,
            "agent": 1,
            "args": "",
            "balloon": 0,
            "bios": "seabios",
            "boot": "cdn",
            "bootdisk": "scsi0",
            "bridge": "",
            "ci_wait": null,
            "cicustom": "",
            "cipassword": "",
            "ciuser": "",
            "clone": "ubuntu-focal-cloudinit-template",
            "clone_wait": 15,
            "cloudinit_cdrom_storage": null,
            "cores": 2,
            "cpu": "host",
            "default_ipv4_address": "10.10.100.71",
            "define_connection_info": true,
            "desc": "",
            "disk": [
              {
                "backup": 0,
                "cache": "none",
                "discard": "",
                "file": "101/vm-101-disk-0.raw",
                "format": "raw",
                "iothread": 1,
                "mbps": 0,
                "mbps_rd": 0,
                "mbps_rd_max": 0,
                "mbps_wr": 0,
                "mbps_wr_max": 0,
                "media": "",
                "replicate": 0,
                "size": "10G",
                "slot": 0,
                "ssd": 0,
                "storage": "datastore",
                "storage_type": "dir",
                "type": "scsi",
                "volume": "datastore:101/vm-101-disk-0.raw"
              }
            ],
            "disk_gb": 0,
            "force_create": false,
            "force_recreate_on_change_of": null,
            "full_clone": true,
            "guest_agent_ready_timeout": 600,
            "hastate": "",
            "hotplug": "network,disk,usb",
            "id": "pve/qemu/101",
            "ipconfig0": "ip=10.10.100.71/24,gw=10.10.100.1",
            "ipconfig1": "",
            "ipconfig2": "",
            "ipconfig3": "",
            "ipconfig4": "",
            "ipconfig5": "",
            "iso": null,
            "kvm": true,
            "mac": "",
            "memory": 2048,
            "name": "vm-docker-1",
            "nameserver": "",
            "network": [
              {
                "bridge": "vmbr0",
                "firewall": false,
                "link_down": false,
                "macaddr": "52:FB:61:51:D7:5C",
                "model": "virtio",
                "queues": 0,
                "rate": 0,
                "tag": -1
              }
            ],
            "nic": "",
            "numa": false,
            "onboot": true,
            "os_network_config": null,
            "os_type": "Linux",
            "pool": "",
            "preprovision": true,
            "qemu_os": "other",
            "reboot_required": false,
            "scsihw": "virtio-scsi-pci",
            "searchdomain": "",
            "serial": [],
            "sockets": 1,
            "ssh_forward_ip": null,
            "ssh_host": "10.10.100.71",
            "ssh_port": "22",
            "ssh_private_key": null,
            "ssh_user": null,
            "sshkeys": "  ssh-rsa AAAAB3NzaC1yc2EAAAADAQABAAABgQC12lewID1hH+r1xgBEQQcjhMzKRL3GQTVXhBBYHsN4JcX1J7ZgD+N7EUjXyW2MiFUBjOXEUiEh/y123PEKAjXNuG6v22B50ydgv0Yh/c1SyIy88qupZXjLCKnKYjrGTNDYyoIuk7y8h4VyQZMeu/NWDJlw/Q5MTQ8pbjowLgiyozeYlY0nTRGC6B4PmH+GY7lIRai3FCYEFoPscdabeHAXt+6H27vj6sk51c8oHIu2SQButcZtgCqBwrHcPvlsLsBO7EXUwAl9b08MxlHJfUgzb9mXG4szvSttAr4wLRQ7jD38qraoLrgR4u+i/y1OLUgkQUplc4MPKHn7fJslLdUF/RCgQfnDTV56o/mO2llTqpmjNLWd2QDbO+CzvVjW01N+VD1lIU0GlLO/bLXYSeD7yeOG35rv3hdPw/6jiA71qI1RM47xarswApIgk/5MY4Qc7EOwEi9fYj7VT40kmZscd0jwr3P46BYJut1FjMAW4nfVbuFQZim1/pH/pCTLdPs= leonardo@LeonNote\n\n",
            "storage": "",
            "storage_type": "",
            "tags": "",
            "target_node": "pve",
            "unused_disk": [],
            "vcpus": 0,
            "vga": [],
            "vlan": -1,
            "vmid": null
          },
          "sensitive_attributes": [],
          "private": "bnVsbA=="
        },
        {
          "index_key": 1,
          "schema_version": 0,
          "attributes": {
            "additional_wait": 15,
            "agent": 1,
            "args": "",
            "balloon": 0,
            "bios": "seabios",
            "boot": "cdn",
            "bootdisk": "scsi0",
            "bridge": "",
            "ci_wait": null,
            "cicustom": "",
            "cipassword": "",
            "ciuser": "",
            "clone": "ubuntu-focal-cloudinit-template",
            "clone_wait": 15,
            "cloudinit_cdrom_storage": null,
            "cores": 2,
            "cpu": "host",
            "default_ipv4_address": "10.10.100.72",
            "define_connection_info": true,
            "desc": "",
            "disk": [
              {
                "backup": 0,
                "cache": "none",
                "discard": "",
                "file": "106/vm-106-disk-0.raw",
                "format": "raw",
                "iothread": 1,
                "mbps": 0,
                "mbps_rd": 0,
                "mbps_rd_max": 0,
                "mbps_wr": 0,
                "mbps_wr_max": 0,
                "media": "",
                "replicate": 0,
                "size": "10G",
                "slot": 0,
                "ssd": 0,
                "storage": "datastore",
                "storage_type": "dir",
                "type": "scsi",
                "volume": "datastore:106/vm-106-disk-0.raw"
              }
            ],
            "disk_gb": 0,
            "force_create": false,
            "force_recreate_on_change_of": null,
            "full_clone": true,
            "guest_agent_ready_timeout": 600,
            "hastate": "",
            "hotplug": "network,disk,usb",
            "id": "pve/qemu/106",
            "ipconfig0": "ip=10.10.100.72/24,gw=10.10.100.1",
            "ipconfig1": "",
            "ipconfig2": "",
            "ipconfig3": "",
            "ipconfig4": "",
            "ipconfig5": "",
            "iso": null,
            "kvm": true,
            "mac": "",
            "memory": 2048,
            "name": "vm-docker-2",
            "nameserver": "",
            "network": [
              {
                "bridge": "vmbr0",
                "firewall": false,
                "link_down": false,
                "macaddr": "5E:51:D6:53:2F:98",
                "model": "virtio",
                "queues": 0,
                "rate": 0,
                "tag": -1
              }
            ],
            "nic": "",
            "numa": false,
            "onboot": true,
            "os_network_config": null,
            "os_type": "Linux",
            "pool": "",
            "preprovision": true,
            "qemu_os": "other",
            "reboot_required": false,
            "scsihw": "virtio-scsi-pci",
            "searchdomain": "",
            "serial": [],
            "sockets": 1,
            "ssh_forward_ip": null,
            "ssh_host": "10.10.100.72",
            "ssh_port": "22",
            "ssh_private_key": null,
            "ssh_user": null,
            "sshkeys": "  ssh-rsa AAAAB3NzaC1yc2EAAAADAQABAAABgQC12lewID1hH+r1xgBEQQcjhMzKRL3GQTVXhBBYHsN4JcX1J7ZgD+N7EUjXyW2MiFUBjOXEUiEh/y123PEKAjXNuG6v22B50ydgv0Yh/c1SyIy88qupZXjLCKnKYjrGTNDYyoIuk7y8h4VyQZMeu/NWDJlw/Q5MTQ8pbjowLgiyozeYlY0nTRGC6B4PmH+GY7lIRai3FCYEFoPscdabeHAXt+6H27vj6sk51c8oHIu2SQButcZtgCqBwrHcPvlsLsBO7EXUwAl9b08MxlHJfUgzb9mXG4szvSttAr4wLRQ7jD38qraoLrgR4u+i/y1OLUgkQUplc4MPKHn7fJslLdUF/RCgQfnDTV56o/mO2llTqpmjNLWd2QDbO+CzvVjW01N+VD1lIU0GlLO/bLXYSeD7yeOG35rv3hdPw/6jiA71qI1RM47xarswApIgk/5MY4Qc7EOwEi9fYj7VT40kmZscd0jwr3P46BYJut1FjMAW4nfVbuFQZim1/pH/pCTLdPs= leonardo@LeonNote\n\n",
            "storage": "",
            "storage_type": "",
            "tags": "",
            "target_node": "pve",
            "unused_disk": [],
            "vcpus": 0,
            "vga": [],
            "vlan": -1,
            "vmid": null
          },
          "sensitive_attributes": [],
          "private": "bnVsbA=="
        },
        {
          "index_key": 2,
          "schema_version": 0,
          "attributes": {
            "additional_wait": 15,
            "agent": 1,
            "args": "",
            "balloon": 0,
            "bios": "seabios",
            "boot": "cdn",
            "bootdisk": "scsi0",
            "bridge": "",
            "ci_wait": null,
            "cicustom": "",
            "cipassword": "",
            "ciuser": "",
            "clone": "ubuntu-focal-cloudinit-template",
            "clone_wait": 15,
            "cloudinit_cdrom_storage": null,
            "cores": 2,
            "cpu": "host",
            "default_ipv4_address": "10.10.100.73",
            "define_connection_info": true,
            "desc": "",
            "disk": [
              {
                "backup": 0,
                "cache": "none",
                "discard": "",
                "file": "108/vm-108-disk-0.raw",
                "format": "raw",
                "iothread": 1,
                "mbps": 0,
                "mbps_rd": 0,
                "mbps_rd_max": 0,
                "mbps_wr": 0,
                "mbps_wr_max": 0,
                "media": "",
                "replicate": 0,
                "size": "10G",
                "slot": 0,
                "ssd": 0,
                "storage": "datastore",
                "storage_type": "dir",
                "type": "scsi",
                "volume": "datastore:108/vm-108-disk-0.raw"
              }
            ],
            "disk_gb": 0,
            "force_create": false,
            "force_recreate_on_change_of": null,
            "full_clone": true,
            "guest_agent_ready_timeout": 600,
            "hastate": "",
            "hotplug": "network,disk,usb",
            "id": "pve/qemu/108",
            "ipconfig0": "ip=10.10.100.73/24,gw=10.10.100.1",
            "ipconfig1": "",
            "ipconfig2": "",
            "ipconfig3": "",
            "ipconfig4": "",
            "ipconfig5": "",
            "iso": null,
            "kvm": true,
            "mac": "",
            "memory": 2048,
            "name": "vm-docker-3",
            "nameserver": "",
            "network": [
              {
                "bridge": "vmbr0",
                "firewall": false,
                "link_down": false,
                "macaddr": "0E:51:A4:03:00:A2",
                "model": "virtio",
                "queues": 0,
                "rate": 0,
                "tag": -1
              }
            ],
            "nic": "",
            "numa": false,
            "onboot": true,
            "os_network_config": null,
            "os_type": "Linux",
            "pool": "",
            "preprovision": true,
            "qemu_os": "other",
            "reboot_required": false,
            "scsihw": "virtio-scsi-pci",
            "searchdomain": "",
            "serial": [],
            "sockets": 1,
            "ssh_forward_ip": null,
            "ssh_host": "10.10.100.73",
            "ssh_port": "22",
            "ssh_private_key": null,
            "ssh_user": null,
            "sshkeys": "  ssh-rsa AAAAB3NzaC1yc2EAAAADAQABAAABgQC12lewID1hH+r1xgBEQQcjhMzKRL3GQTVXhBBYHsN4JcX1J7ZgD+N7EUjXyW2MiFUBjOXEUiEh/y123PEKAjXNuG6v22B50ydgv0Yh/c1SyIy88qupZXjLCKnKYjrGTNDYyoIuk7y8h4VyQZMeu/NWDJlw/Q5MTQ8pbjowLgiyozeYlY0nTRGC6B4PmH+GY7lIRai3FCYEFoPscdabeHAXt+6H27vj6sk51c8oHIu2SQButcZtgCqBwrHcPvlsLsBO7EXUwAl9b08MxlHJfUgzb9mXG4szvSttAr4wLRQ7jD38qraoLrgR4u+i/y1OLUgkQUplc4MPKHn7fJslLdUF/RCgQfnDTV56o/mO2llTqpmjNLWd2QDbO+CzvVjW01N+VD1lIU0GlLO/bLXYSeD7yeOG35rv3hdPw/6jiA71qI1RM47xarswApIgk/5MY4Qc7EOwEi9fYj7VT40kmZscd0jwr3P46BYJut1FjMAW4nfVbuFQZim1/pH/pCTLdPs= leonardo@LeonNote\n\n",
            "storage": "",
            "storage_type": "",
            "tags": "",
            "target_node": "pve",
            "unused_disk": [],
            "vcpus": 0,
            "vga": [],
            "vlan": -1,
            "vmid": null
          },
          "sensitive_attributes": [],
          "private": "bnVsbA=="
        }
      ]
    }
  ]
}
