{
  "version": 4,
  "terraform_version": "1.0.9",
  "serial": 99,
  "lineage": "b0d6bcf1-0708-441b-aacd-69134cd02be4",
  "outputs": {},
  "resources": [
    {
      "mode": "managed",
      "type": "proxmox_vm_qemu",
      "name": "docker-vm",
      "provider": "provider[\"registry.terraform.io/telmate/proxmox\"]",
      "instances": [
        {
          "index_key": 0,
          "schema_version": 0,
          "attributes": {
            "additional_wait": 15,
            "agent": 1,
            "args": "",
            "balloon": 0,
            "bios": "seabios",
            "boot": "cdn",
            "bootdisk": "scsi0",
            "bridge": "",
            "ci_wait": null,
            "cicustom": "",
            "cipassword": "",
            "ciuser": "",
            "clone": "ubuntu-focal-cloudinit-template",
            "clone_wait": 15,
            "cloudinit_cdrom_storage": null,
            "cores": 2,
            "cpu": "host",
            "default_ipv4_address": "10.10.100.71",
            "define_connection_info": true,
            "desc": "",
            "disk": [
              {
                "backup": 0,
                "cache": "none",
                "discard": "",
                "file": "101/vm-101-disk-0.raw",
                "format": "raw",
                "iothread": 1,
                "mbps": 0,
                "mbps_rd": 0,
                "mbps_rd_max": 0,
                "mbps_wr": 0,
                "mbps_wr_max": 0,
                "media": "",
                "replicate": 0,
                "size": "10G",
                "slot": 0,
                "ssd": 0,
                "storage": "datastore",
                "storage_type": "dir",
                "type": "scsi",
                "volume": "datastore:101/vm-101-disk-0.raw"
              }
            ],
            "disk_gb": 0,
            "force_create": false,
            "force_recreate_on_change_of": null,
            "full_clone": true,
            "guest_agent_ready_timeout": 600,
            "hastate": "",
            "hotplug": "network,disk,usb",
            "id": "pve/qemu/101",
            "ipconfig0": "ip=10.10.100.71/24,gw=10.10.100.1",
            "ipconfig1": "",
            "ipconfig2": "",
            "ipconfig3": "",
            "ipconfig4": "",
            "ipconfig5": "",
            "iso": null,
            "kvm": true,
            "mac": "",
            "memory": 2048,
            "name": "vm-docker-1",
            "nameserver": "",
            "network": [
              {
                "bridge": "vmbr0",
                "firewall": false,
                "link_down": false,
                "macaddr": "7E:7E:B2:4C:5A:13",
                "model": "virtio",
                "queues": 0,
                "rate": 0,
                "tag": -1
              }
            ],
            "nic": "",
            "numa": false,
            "onboot": true,
            "os_network_config": null,
            "os_type": "Linux",
            "pool": "",
            "preprovision": true,
            "qemu_os": "other",
            "reboot_required": false,
            "scsihw": "virtio-scsi-pci",
            "searchdomain": "",
            "serial": [],
            "sockets": 1,
            "ssh_forward_ip": null,
            "ssh_host": "10.10.100.71",
            "ssh_port": "22",
            "ssh_private_key": null,
            "ssh_user": null,
            "sshkeys": "  ssh-rsa AAAAB3NzaC1yc2EAAAADAQABAAACAQDFkBEFqS/M6hU1jNfKzNFbOVQhN2qEBycOENB2VUwBnnz5CsSlR3WQFGxbp0H1/dMoGfZZ5bY4CGUWwrmoJdqI48I2t2GpmLdi9IIUvdjRkXkmop83cfNfwX09cjbQU5Vva7MPNpnQnbVsbW1uky5Cea4YZWh1mejICGDzXlr2RP3IZAd/L+suVyt4YCfAsWT5sVueFpH1VxZlWWKTTIHg9JL4JQxBsX8MxQ/WMCmuFARxVc5nOisgFhIfN0QQv2ZrgIV3zpIfO/BxZBMJ2DOYateeORGQp8RCEBsrOhpEgbZZUUqmECVD/a/Am40fI4umddWlyXsa4gm3dph8T5w/z0UZZw7SaZkYgypp2FySZQdMQu6KPvEdLddOtQDVcl0yAce6a2cfNkVpMy1bDU9CPIYlaop9eLfpypbRk2eLvHnYcwVsTEtwKNgf1m3KDalgXnU1cWXIVsS0syT4GH82OIgMhbz46Kq8OJrUiilMrPQwG7FUv7L7IUah52UYhI3s9eaodjKL5pg1FIBI13gYvH/nZRuxcb52e+iTjP6NS6jU+go4bc7Vq7Uv+6VXFMViQi2G15uzClPVqpb4kLhmhedR0ZWAWg8W0gbcZbn8yhsI7pBAlnjVQq4wtFgSZoJtHR6OfnJ1ig0+n3b7AOjcaTlEPCKHPVeaHnM7DGTtmQ== leonardofreitas.info@gmail.com\n\n",
            "storage": "",
            "storage_type": "",
            "tags": "",
            "target_node": "pve",
            "unused_disk": [],
            "vcpus": 0,
            "vga": [],
            "vlan": -1,
            "vmid": null
          },
          "sensitive_attributes": [],
          "private": "bnVsbA=="
        }
      ]
    }
  ]
}
