{
  "version": 4,
  "terraform_version": "1.0.9",
  "serial": 115,
  "lineage": "078bee00-2cf4-48c7-876f-139fed860e06",
  "outputs": {},
  "resources": [
    {
      "mode": "managed",
      "type": "proxmox_vm_qemu",
      "name": "vm-cloud-init",
      "provider": "provider[\"registry.terraform.io/telmate/proxmox\"]",
      "instances": [
        {
          "index_key": 0,
          "schema_version": 0,
          "attributes": {
            "additional_wait": 0,
            "agent": 1,
            "args": "",
            "automatic_reboot": true,
            "balloon": 0,
            "bios": "seabios",
            "boot": "c",
            "bootdisk": "scsi0",
            "bridge": "",
            "ci_wait": null,
            "cicustom": "",
            "cipassword": "",
            "ciuser": "",
            "clone": "ubuntu-focal-cloudinit-template",
            "clone_wait": 0,
            "cloudinit_cdrom_storage": null,
            "cores": 2,
            "cpu": "host",
            "default_ipv4_address": "10.10.100.81",
            "define_connection_info": true,
            "desc": "",
            "disk": [
              {
                "aio": "",
                "backup": 0,
                "cache": "none",
                "discard": "",
                "file": "109/vm-109-disk-0.raw",
                "format": "raw",
                "iothread": 1,
                "mbps": 0,
                "mbps_rd": 0,
                "mbps_rd_max": 0,
                "mbps_wr": 0,
                "mbps_wr_max": 0,
                "media": "",
                "replicate": 0,
                "size": "9420M",
                "slot": 0,
                "ssd": 0,
                "storage": "datastore",
                "storage_type": "dir",
                "type": "scsi",
                "volume": "datastore:109/vm-109-disk-0.raw"
              }
            ],
            "disk_gb": 0,
            "force_create": false,
            "force_recreate_on_change_of": null,
            "full_clone": true,
            "guest_agent_ready_timeout": 100,
            "hagroup": "",
            "hastate": "",
            "hotplug": "network,disk,usb",
            "id": "pve/qemu/109",
            "ipconfig0": "ip=10.10.100.81/24,gw=10.10.100.1",
            "ipconfig1": "",
            "ipconfig2": "",
            "ipconfig3": "",
            "ipconfig4": "",
            "ipconfig5": "",
            "iso": null,
            "kvm": true,
            "mac": "",
            "memory": 2048,
            "name": "vm-swarm-1",
            "nameserver": "",
            "network": [
              {
                "bridge": "vmbr0",
                "firewall": false,
                "link_down": false,
                "macaddr": "A6:9D:93:21:07:C9",
                "model": "virtio",
                "mtu": 0,
                "queues": 0,
                "rate": 0,
                "tag": -1
              }
            ],
            "nic": "",
            "numa": false,
            "onboot": false,
            "oncreate": true,
            "os_network_config": null,
            "os_type": "Linux",
            "pool": "",
            "preprovision": true,
            "pxe": null,
            "qemu_os": "other",
            "reboot_required": false,
            "scsihw": "virtio-scsi-pci",
            "searchdomain": "",
            "serial": [],
            "sockets": 1,
            "ssh_forward_ip": null,
            "ssh_host": "10.10.100.81",
            "ssh_port": "22",
            "ssh_private_key": null,
            "ssh_user": null,
            "sshkeys": "  ssh-rsa AAAAB3NzaC1yc2EAAAADAQABAAABgQCjqAWGDFnvjKOz6LjqaSRAuBE+bcrvvJbcq8yju1p/+x+B3OfT6WXc39ov83JtJDoJ0HdO2mjRqAOjqv2wUdbqqabKa9+Fh3Ce/Y+Ht/eDfMF4lARMzjeNGGibhaU/xENyCDjLkKtk4Z8sHCgbGc6fv/joKt0ywy5GFGrFP9EkxUsA/eKCB1yU1S0Q+Os9Wl7+doM543yG2Yw/F4hQBGbnGoqFSPCH4M6OGM3McbXNajqxKiuLTgbYB/1G36xXVh3Y/ThQNqA2Lv+BgQZiAiHd4/0BXxYaFQu+ez+sGxhK4O6PxkxsSjD8xFAWvgWnYhyR8gpoWpRjc6aIBA8tQM2F0UDaJIzLyHeK5eL65CPam1x24WjDCKFNIGwPXcl/mqHvcSuDNAs/FnjUHte6anvITu+6iEgmdMuf3wHAV8kH824CflIkqlTKraxqH5vcPHkudiIg1ksPL/QJa96XziIaZPaX4ycSd1hq4QPosD+eZJ5bjfKMqiB9RyKVH8tIXGc= leonardo\n\n",
            "storage": "",
            "storage_type": "",
            "tablet": true,
            "tags": "",
            "target_node": "pve",
            "timeouts": null,
            "unused_disk": [],
            "usb": [],
            "vcpus": 0,
            "vga": [],
            "vlan": -1,
            "vmid": null
          },
          "sensitive_attributes": [],
          "private": "eyJlMmJmYjczMC1lY2FhLTExZTYtOGY4OC0zNDM2M2JjN2M0YzAiOnsiY3JlYXRlIjozMDAwMDAwMDAwMDAsImRlZmF1bHQiOjMwMDAwMDAwMDAwMCwiZGVsZXRlIjoxODAwMDAwMDAwMDAsInJlYWQiOjE4MDAwMDAwMDAwMCwidXBkYXRlIjoxODAwMDAwMDAwMDB9fQ=="
        },
        {
          "index_key": 1,
          "schema_version": 0,
          "attributes": {
            "additional_wait": 0,
            "agent": 1,
            "args": "",
            "automatic_reboot": true,
            "balloon": 0,
            "bios": "seabios",
            "boot": "c",
            "bootdisk": "scsi0",
            "bridge": "",
            "ci_wait": null,
            "cicustom": "",
            "cipassword": "",
            "ciuser": "",
            "clone": "ubuntu-focal-cloudinit-template",
            "clone_wait": 0,
            "cloudinit_cdrom_storage": null,
            "cores": 2,
            "cpu": "host",
            "default_ipv4_address": "10.10.100.82",
            "define_connection_info": true,
            "desc": "",
            "disk": [
              {
                "aio": "",
                "backup": 0,
                "cache": "none",
                "discard": "",
                "file": "110/vm-110-disk-0.raw",
                "format": "raw",
                "iothread": 1,
                "mbps": 0,
                "mbps_rd": 0,
                "mbps_rd_max": 0,
                "mbps_wr": 0,
                "mbps_wr_max": 0,
                "media": "",
                "replicate": 0,
                "size": "16588M",
                "slot": 0,
                "ssd": 0,
                "storage": "datastore",
                "storage_type": "dir",
                "type": "scsi",
                "volume": "datastore:110/vm-110-disk-0.raw"
              }
            ],
            "disk_gb": 0,
            "force_create": false,
            "force_recreate_on_change_of": null,
            "full_clone": true,
            "guest_agent_ready_timeout": 100,
            "hagroup": "",
            "hastate": "",
            "hotplug": "network,disk,usb",
            "id": "pve/qemu/110",
            "ipconfig0": "ip=10.10.100.82/24,gw=10.10.100.1",
            "ipconfig1": "",
            "ipconfig2": "",
            "ipconfig3": "",
            "ipconfig4": "",
            "ipconfig5": "",
            "iso": null,
            "kvm": true,
            "mac": "",
            "memory": 2048,
            "name": "vm-swarm-2",
            "nameserver": "",
            "network": [
              {
                "bridge": "vmbr0",
                "firewall": false,
                "link_down": false,
                "macaddr": "82:7B:04:89:90:4D",
                "model": "virtio",
                "mtu": 0,
                "queues": 0,
                "rate": 0,
                "tag": -1
              }
            ],
            "nic": "",
            "numa": false,
            "onboot": false,
            "oncreate": true,
            "os_network_config": null,
            "os_type": "Linux",
            "pool": "",
            "preprovision": true,
            "pxe": null,
            "qemu_os": "other",
            "reboot_required": false,
            "scsihw": "virtio-scsi-pci",
            "searchdomain": "",
            "serial": [],
            "sockets": 1,
            "ssh_forward_ip": null,
            "ssh_host": "10.10.100.82",
            "ssh_port": "22",
            "ssh_private_key": null,
            "ssh_user": null,
            "sshkeys": "  ssh-rsa AAAAB3NzaC1yc2EAAAADAQABAAABgQCjqAWGDFnvjKOz6LjqaSRAuBE+bcrvvJbcq8yju1p/+x+B3OfT6WXc39ov83JtJDoJ0HdO2mjRqAOjqv2wUdbqqabKa9+Fh3Ce/Y+Ht/eDfMF4lARMzjeNGGibhaU/xENyCDjLkKtk4Z8sHCgbGc6fv/joKt0ywy5GFGrFP9EkxUsA/eKCB1yU1S0Q+Os9Wl7+doM543yG2Yw/F4hQBGbnGoqFSPCH4M6OGM3McbXNajqxKiuLTgbYB/1G36xXVh3Y/ThQNqA2Lv+BgQZiAiHd4/0BXxYaFQu+ez+sGxhK4O6PxkxsSjD8xFAWvgWnYhyR8gpoWpRjc6aIBA8tQM2F0UDaJIzLyHeK5eL65CPam1x24WjDCKFNIGwPXcl/mqHvcSuDNAs/FnjUHte6anvITu+6iEgmdMuf3wHAV8kH824CflIkqlTKraxqH5vcPHkudiIg1ksPL/QJa96XziIaZPaX4ycSd1hq4QPosD+eZJ5bjfKMqiB9RyKVH8tIXGc= leonardo\n\n",
            "storage": "",
            "storage_type": "",
            "tablet": true,
            "tags": "",
            "target_node": "pve",
            "timeouts": null,
            "unused_disk": [],
            "usb": [],
            "vcpus": 0,
            "vga": [],
            "vlan": -1,
            "vmid": null
          },
          "sensitive_attributes": [],
          "private": "eyJlMmJmYjczMC1lY2FhLTExZTYtOGY4OC0zNDM2M2JjN2M0YzAiOnsiY3JlYXRlIjozMDAwMDAwMDAwMDAsImRlZmF1bHQiOjMwMDAwMDAwMDAwMCwiZGVsZXRlIjoxODAwMDAwMDAwMDAsInJlYWQiOjE4MDAwMDAwMDAwMCwidXBkYXRlIjoxODAwMDAwMDAwMDB9fQ=="
        },
        {
          "index_key": 2,
          "schema_version": 0,
          "attributes": {
            "additional_wait": 0,
            "agent": 1,
            "args": "",
            "automatic_reboot": true,
            "balloon": 0,
            "bios": "seabios",
            "boot": "c",
            "bootdisk": "scsi0",
            "bridge": "",
            "ci_wait": null,
            "cicustom": "",
            "cipassword": "",
            "ciuser": "",
            "clone": "ubuntu-focal-cloudinit-template",
            "clone_wait": 0,
            "cloudinit_cdrom_storage": null,
            "cores": 2,
            "cpu": "host",
            "default_ipv4_address": "10.10.100.83",
            "define_connection_info": true,
            "desc": "",
            "disk": [
              {
                "aio": "",
                "backup": 0,
                "cache": "none",
                "discard": "",
                "file": "108/vm-108-disk-0.raw",
                "format": "raw",
                "iothread": 1,
                "mbps": 0,
                "mbps_rd": 0,
                "mbps_rd_max": 0,
                "mbps_wr": 0,
                "mbps_wr_max": 0,
                "media": "",
                "replicate": 0,
                "size": "16588M",
                "slot": 0,
                "ssd": 0,
                "storage": "datastore",
                "storage_type": "dir",
                "type": "scsi",
                "volume": "datastore:108/vm-108-disk-0.raw"
              }
            ],
            "disk_gb": 0,
            "force_create": false,
            "force_recreate_on_change_of": null,
            "full_clone": true,
            "guest_agent_ready_timeout": 100,
            "hagroup": "",
            "hastate": "",
            "hotplug": "network,disk,usb",
            "id": "pve/qemu/108",
            "ipconfig0": "ip=10.10.100.83/24,gw=10.10.100.1",
            "ipconfig1": "",
            "ipconfig2": "",
            "ipconfig3": "",
            "ipconfig4": "",
            "ipconfig5": "",
            "iso": null,
            "kvm": true,
            "mac": "",
            "memory": 2048,
            "name": "vm-swarm-3",
            "nameserver": "",
            "network": [
              {
                "bridge": "vmbr0",
                "firewall": false,
                "link_down": false,
                "macaddr": "52:39:13:5C:50:8F",
                "model": "virtio",
                "mtu": 0,
                "queues": 0,
                "rate": 0,
                "tag": -1
              }
            ],
            "nic": "",
            "numa": false,
            "onboot": false,
            "oncreate": true,
            "os_network_config": null,
            "os_type": "Linux",
            "pool": "",
            "preprovision": true,
            "pxe": null,
            "qemu_os": "other",
            "reboot_required": false,
            "scsihw": "virtio-scsi-pci",
            "searchdomain": "",
            "serial": [],
            "sockets": 1,
            "ssh_forward_ip": null,
            "ssh_host": "10.10.100.83",
            "ssh_port": "22",
            "ssh_private_key": null,
            "ssh_user": null,
            "sshkeys": "  ssh-rsa AAAAB3NzaC1yc2EAAAADAQABAAABgQCjqAWGDFnvjKOz6LjqaSRAuBE+bcrvvJbcq8yju1p/+x+B3OfT6WXc39ov83JtJDoJ0HdO2mjRqAOjqv2wUdbqqabKa9+Fh3Ce/Y+Ht/eDfMF4lARMzjeNGGibhaU/xENyCDjLkKtk4Z8sHCgbGc6fv/joKt0ywy5GFGrFP9EkxUsA/eKCB1yU1S0Q+Os9Wl7+doM543yG2Yw/F4hQBGbnGoqFSPCH4M6OGM3McbXNajqxKiuLTgbYB/1G36xXVh3Y/ThQNqA2Lv+BgQZiAiHd4/0BXxYaFQu+ez+sGxhK4O6PxkxsSjD8xFAWvgWnYhyR8gpoWpRjc6aIBA8tQM2F0UDaJIzLyHeK5eL65CPam1x24WjDCKFNIGwPXcl/mqHvcSuDNAs/FnjUHte6anvITu+6iEgmdMuf3wHAV8kH824CflIkqlTKraxqH5vcPHkudiIg1ksPL/QJa96XziIaZPaX4ycSd1hq4QPosD+eZJ5bjfKMqiB9RyKVH8tIXGc= leonardo\n\n",
            "storage": "",
            "storage_type": "",
            "tablet": true,
            "tags": "",
            "target_node": "pve",
            "timeouts": null,
            "unused_disk": [],
            "usb": [],
            "vcpus": 0,
            "vga": [],
            "vlan": -1,
            "vmid": null
          },
          "sensitive_attributes": [],
          "private": "eyJlMmJmYjczMC1lY2FhLTExZTYtOGY4OC0zNDM2M2JjN2M0YzAiOnsiY3JlYXRlIjozMDAwMDAwMDAwMDAsImRlZmF1bHQiOjMwMDAwMDAwMDAwMCwiZGVsZXRlIjoxODAwMDAwMDAwMDAsInJlYWQiOjE4MDAwMDAwMDAwMCwidXBkYXRlIjoxODAwMDAwMDAwMDB9fQ=="
        }
      ]
    }
  ]
}
